
Microsoft Visual Studio Solution File, Format Version 12.00
# Visual Studio Version 16
VisualStudioVersion = 16.0.31025.218
MinimumVisualStudioVersion = 10.0.40219.1
Project("{9A19103F-16F7-4668-BE54-9A1E7A4F7556}") = "Tavenem.Mathematics", "Tavenem.Mathematics.csproj", "{0C2282A1-F847-48F2-BB46-2A89E0DDB1BF}"
EndProject
Project("{2150E333-8FDC-42A3-9474-1A3956D46DE8}") = "Solution Items", "Solution Items", "{C2E8DFA7-351B-4648-9D7D-CE47E4C667C5}"
	ProjectSection(SolutionItems) = preProject
		..\.github\workflows\build.yml = ..\.github\workflows\build.yml
		..\docs\CHANGELOG.md = ..\docs\CHANGELOG.md
		..\docs\CODE_OF_CONDUCT.md = ..\docs\CODE_OF_CONDUCT.md
		..\docs\CONTRIBUTING.md = ..\docs\CONTRIBUTING.md
		..\.github\workflows\publish.yml = ..\.github\workflows\publish.yml
		..\README.md = ..\README.md
	EndProjectSection
EndProject
Project("{FAE04EC0-301F-11D3-BF4B-00C04F79EFBC}") = "Tavenem.Mathematics.Test", "..\test\Tavenem.Mathematics.Test.csproj", "{749E0BD1-4945-4CA1-BF04-3A7D5985D805}"
EndProject
Global
	GlobalSection(SolutionConfigurationPlatforms) = preSolution
		Debug|Any CPU = Debug|Any CPU
		Release|Any CPU = Release|Any CPU
	EndGlobalSection
	GlobalSection(ProjectConfigurationPlatforms) = postSolution
		{0C2282A1-F847-48F2-BB46-2A89E0DDB1BF}.Debug|Any CPU.ActiveCfg = Debug|Any CPU
		{0C2282A1-F847-48F2-BB46-2A89E0DDB1BF}.Debug|Any CPU.Build.0 = Debug|Any CPU
		{0C2282A1-F847-48F2-BB46-2A89E0DDB1BF}.Release|Any CPU.ActiveCfg = Release|Any CPU
		{0C2282A1-F847-48F2-BB46-2A89E0DDB1BF}.Release|Any CPU.Build.0 = Release|Any CPU
		{749E0BD1-4945-4CA1-BF04-3A7D5985D805}.Debug|Any CPU.ActiveCfg = Debug|Any CPU
		{749E0BD1-4945-4CA1-BF04-3A7D5985D805}.Debug|Any CPU.Build.0 = Debug|Any CPU
		{749E0BD1-4945-4CA1-BF04-3A7D5985D805}.Release|Any CPU.ActiveCfg = Release|Any CPU
		{749E0BD1-4945-4CA1-BF04-3A7D5985D805}.Release|Any CPU.Build.0 = Release|Any CPU
	EndGlobalSection
	GlobalSection(SolutionProperties) = preSolution
		HideSolutionNode = FALSE
	EndGlobalSection
	GlobalSection(ExtensibilityGlobals) = postSolution
		SolutionGuid = {5F7FFD44-8C5D-4F67-BF5E-708FC2E380C6}
	EndGlobalSection
EndGlobal
